
Microsoft Visual Studio Solution File, Format Version 12.00
# Visual Studio Version 16
VisualStudioVersion = 16.0.31019.35
MinimumVisualStudioVersion = 10.0.40219.1
Project("{FAE04EC0-301F-11D3-BF4B-00C04F79EFBC}") = "EmptyApp", "EmptyApp\EmptyApp.csproj", "{88AD6E75-04BA-4249-A1E2-C8AFDFADCAE6}"
EndProject
Global
	GlobalSection(SolutionConfigurationPlatforms) = preSolution
		Debug|Any CPU = Debug|Any CPU
		Release|Any CPU = Release|Any CPU
	EndGlobalSection
	GlobalSection(ProjectConfigurationPlatforms) = postSolution
		{88AD6E75-04BA-4249-A1E2-C8AFDFADCAE6}.Debug|Any CPU.ActiveCfg = Debug|Any CPU
		{88AD6E75-04BA-4249-A1E2-C8AFDFADCAE6}.Debug|Any CPU.Build.0 = Debug|Any CPU
		{88AD6E75-04BA-4249-A1E2-C8AFDFADCAE6}.Release|Any CPU.ActiveCfg = Release|Any CPU
		{88AD6E75-04BA-4249-A1E2-C8AFDFADCAE6}.Release|Any CPU.Build.0 = Release|Any CPU
	EndGlobalSection
	GlobalSection(SolutionProperties) = preSolution
		HideSolutionNode = FALSE
	EndGlobalSection
	GlobalSection(ExtensibilityGlobals) = postSolution
		SolutionGuid = {A5476E90-1773-416B-9B96-B4BD000107AA}
	EndGlobalSection
EndGlobal
